version: 6
environments:
  default:
    channels:
    - url: https://conda.anaconda.org/conda-forge/
    packages:
      linux-64:
      - conda: https://conda.anaconda.org/conda-forge/linux-64/_libgcc_mutex-0.1-conda_forge.tar.bz2
      - conda: https://conda.anaconda.org/conda-forge/linux-64/_openmp_mutex-4.5-2_gnu.tar.bz2
      - conda: https://conda.anaconda.org/conda-forge/linux-64/binutils-2.43-h4852527_2.conda
      - conda: https://conda.anaconda.org/conda-forge/linux-64/binutils_impl_linux-64-2.43-h4bf12b8_2.conda
      - conda: https://conda.anaconda.org/conda-forge/linux-64/binutils_linux-64-2.43-h4852527_2.conda
      - conda: https://conda.anaconda.org/conda-forge/linux-64/c-compiler-1.9.0-h2b85faf_0.conda
      - conda: https://conda.anaconda.org/conda-forge/linux-64/cxx-compiler-1.9.0-h1a2810e_0.conda
      - conda: https://conda.anaconda.org/conda-forge/linux-64/gcc-13.3.0-h9576a4e_1.conda
      - conda: https://conda.anaconda.org/conda-forge/linux-64/gcc_impl_linux-64-13.3.0-hfea6d02_1.conda
      - conda: https://conda.anaconda.org/conda-forge/linux-64/gcc_linux-64-13.3.0-hc28eda2_7.conda
      - conda: https://conda.anaconda.org/conda-forge/linux-64/gxx-13.3.0-h9576a4e_1.conda
      - conda: https://conda.anaconda.org/conda-forge/linux-64/gxx_impl_linux-64-13.3.0-hdbfa832_1.conda
      - conda: https://conda.anaconda.org/conda-forge/linux-64/gxx_linux-64-13.3.0-h6834431_7.conda
      - conda: https://conda.anaconda.org/conda-forge/noarch/kernel-headers_linux-64-3.10.0-he073ed8_18.conda
      - conda: https://conda.anaconda.org/conda-forge/linux-64/ld_impl_linux-64-2.43-h712a8e2_2.conda
      - conda: https://conda.anaconda.org/conda-forge/linux-64/libgcc-14.2.0-h77fa898_1.conda
      - conda: https://conda.anaconda.org/conda-forge/noarch/libgcc-devel_linux-64-13.3.0-h84ea5a7_101.conda
      - conda: https://conda.anaconda.org/conda-forge/linux-64/libgomp-14.2.0-h77fa898_1.conda
      - conda: https://conda.anaconda.org/conda-forge/linux-64/libsanitizer-13.3.0-heb74ff8_1.conda
      - conda: https://conda.anaconda.org/conda-forge/linux-64/libstdcxx-14.2.0-hc0a3c3a_1.conda
      - conda: https://conda.anaconda.org/conda-forge/noarch/libstdcxx-devel_linux-64-13.3.0-h84ea5a7_101.conda
      - conda: https://conda.anaconda.org/conda-forge/noarch/sysroot_linux-64-2.17-h0157908_18.conda
      - conda: https://conda.anaconda.org/conda-forge/noarch/tzdata-2025a-h78e105d_0.conda
      - conda: .
packages:
- conda: https://conda.anaconda.org/conda-forge/linux-64/_libgcc_mutex-0.1-conda_forge.tar.bz2
  sha256: fe51de6107f9edc7aa4f786a70f4a883943bc9d39b3bb7307c04c41410990726
  md5: d7c89558ba9fa0495403155b64376d81
  license: None
  size: 2562
  timestamp: 1578324546067
- conda: https://conda.anaconda.org/conda-forge/linux-64/_openmp_mutex-4.5-2_gnu.tar.bz2
  build_number: 16
  sha256: fbe2c5e56a653bebb982eda4876a9178aedfc2b545f25d0ce9c4c0b508253d22
  md5: 73aaf86a425cc6e73fcf236a5a46396d
  depends:
  - _libgcc_mutex 0.1 conda_forge
  - libgomp >=7.5.0
  constrains:
  - openmp_impl 9999
  license: BSD-3-Clause
  license_family: BSD
  size: 23621
  timestamp: 1650670423406
- conda: https://conda.anaconda.org/conda-forge/linux-64/binutils-2.43-h4852527_2.conda
  sha256: 92be0f8ccd501ceeb3c782e2182e6ea04dca46799038176de40a57bca45512c5
  md5: 348619f90eee04901f4a70615efff35b
  depends:
  - binutils_impl_linux-64 >=2.43,<2.44.0a0
  license: GPL-3.0-only
  license_family: GPL
  size: 33876
  timestamp: 1729655402186
- conda: https://conda.anaconda.org/conda-forge/linux-64/binutils_impl_linux-64-2.43-h4bf12b8_2.conda
  sha256: 267e78990247369b13234bda270f31beb56a600b4851a8244e31dd9ad85b3b17
  md5: cf0c5521ac2a20dfa6c662a4009eeef6
  depends:
  - ld_impl_linux-64 2.43 h712a8e2_2
  - sysroot_linux-64
  license: GPL-3.0-only
  license_family: GPL
  size: 5682777
  timestamp: 1729655371045
- conda: https://conda.anaconda.org/conda-forge/linux-64/binutils_linux-64-2.43-h4852527_2.conda
  sha256: df52bd8b8b2a20a0c529d9ad08aaf66093ac318aa8a33d270f18274341a77062
  md5: 18aba879ddf1f8f28145ca6fcb873d8c
  depends:
  - binutils_impl_linux-64 2.43 h4bf12b8_2
  license: GPL-3.0-only
  license_family: GPL
  size: 34945
  timestamp: 1729655404893
- conda: https://conda.anaconda.org/conda-forge/linux-64/c-compiler-1.9.0-h2b85faf_0.conda
  sha256: 1e4b86b0f3d4ce9f3787b8f62e9f2c5683287f19593131640eed01cbdad38168
  md5: 3cb814f83f1f71ac1985013697f80cc1
  depends:
  - binutils
  - gcc
  - gcc_linux-64 13.*
  license: BSD-3-Clause
  license_family: BSD
  size: 6196
  timestamp: 1736437002021
- conda: https://conda.anaconda.org/conda-forge/linux-64/cxx-compiler-1.9.0-h1a2810e_0.conda
  sha256: 5efc51b8e7d87fc5380f00ace9f9c758142eade520a63d3631d2616d1c1b25f9
  md5: 1ce8b218d359d9ed0ab481f2a3f3c512
  depends:
  - c-compiler 1.9.0 h2b85faf_0
  - gxx
  - gxx_linux-64 13.*
  license: BSD-3-Clause
  license_family: BSD
  size: 6168
  timestamp: 1736437002465
- conda: https://conda.anaconda.org/conda-forge/linux-64/gcc-13.3.0-h9576a4e_1.conda
  sha256: d0161362430183cbdbc3db9cf95f9a1af1793027f3ab8755b3d3586deb28bf84
  md5: 606924335b5bcdf90e9aed9a2f5d22ed
  depends:
  - gcc_impl_linux-64 13.3.0.*
  license: BSD-3-Clause
  license_family: BSD
  size: 53864
  timestamp: 1724801360210
- conda: https://conda.anaconda.org/conda-forge/linux-64/gcc_impl_linux-64-13.3.0-hfea6d02_1.conda
  sha256: 998ade1d487e93fc8a7a16b90e2af69ebb227355bf4646488661f7ae5887873c
  md5: 0d043dbc126b64f79d915a0e96d3a1d5
  depends:
  - binutils_impl_linux-64 >=2.40
  - libgcc >=13.3.0
  - libgcc-devel_linux-64 13.3.0 h84ea5a7_101
  - libgomp >=13.3.0
  - libsanitizer 13.3.0 heb74ff8_1
  - libstdcxx >=13.3.0
  - sysroot_linux-64
  license: GPL-3.0-only WITH GCC-exception-3.1
  license_family: GPL
  size: 67464415
  timestamp: 1724801227937
- conda: https://conda.anaconda.org/conda-forge/linux-64/gcc_linux-64-13.3.0-hc28eda2_7.conda
  sha256: 1e5ac50580a68fdc7d2f5722abcf1a87898c24b1ab6eb5ecd322634742d93645
  md5: ac23afbf5805389eb771e2ad3b476f75
  depends:
  - binutils_linux-64
  - gcc_impl_linux-64 13.3.0.*
  - sysroot_linux-64
  license: BSD-3-Clause
  license_family: BSD
  size: 32005
  timestamp: 1731939593317
- conda: https://conda.anaconda.org/conda-forge/linux-64/gxx-13.3.0-h9576a4e_1.conda
  sha256: 5446f5d1d609d996579f706d2020e83ef48e086d943bfeef7ab807ea246888a0
  md5: 209182ca6b20aeff62f442e843961d81
  depends:
  - gcc 13.3.0.*
  - gxx_impl_linux-64 13.3.0.*
  license: BSD-3-Clause
  license_family: BSD
  size: 53338
  timestamp: 1724801498389
- conda: https://conda.anaconda.org/conda-forge/linux-64/gxx_impl_linux-64-13.3.0-hdbfa832_1.conda
  sha256: 746dff24bb1efc89ab0ec108838d0711683054e3bbbcb94d042943410a98eca1
  md5: 806367e23a0a6ad21e51875b34c57d7e
  depends:
  - gcc_impl_linux-64 13.3.0 hfea6d02_1
  - libstdcxx-devel_linux-64 13.3.0 h84ea5a7_101
  - sysroot_linux-64
  - tzdata
  license: GPL-3.0-only WITH GCC-exception-3.1
  license_family: GPL
  size: 13337720
  timestamp: 1724801455825
- conda: https://conda.anaconda.org/conda-forge/linux-64/gxx_linux-64-13.3.0-h6834431_7.conda
  sha256: a9b1ffea76f2cc5aedeead4793fcded7a687cce9d5e3f4fe93629f1b1d5043a6
  md5: 7c82ca9bda609b6f72f670e4219d3787
  depends:
  - binutils_linux-64
  - gcc_linux-64 13.3.0 hc28eda2_7
  - gxx_impl_linux-64 13.3.0.*
  - sysroot_linux-64
  license: BSD-3-Clause
  license_family: BSD
  size: 30356
  timestamp: 1731939612705
- conda: https://conda.anaconda.org/conda-forge/noarch/kernel-headers_linux-64-3.10.0-he073ed8_18.conda
  sha256: a922841ad80bd7b222502e65c07ecb67e4176c4fa5b03678a005f39fcc98be4b
  md5: ad8527bf134a90e1c9ed35fa0b64318c
  constrains:
  - sysroot_linux-64 ==2.17
  license: LGPL-2.0-or-later AND LGPL-2.0-or-later WITH exceptions AND GPL-2.0-or-later AND MPL-2.0
  license_family: GPL
  size: 943486
  timestamp: 1729794504440
- conda: https://conda.anaconda.org/conda-forge/linux-64/ld_impl_linux-64-2.43-h712a8e2_2.conda
  sha256: 7c91cea91b13f4314d125d1bedb9d03a29ebbd5080ccdea70260363424646dbe
  md5: 048b02e3962f066da18efe3a21b77672
  depends:
  - __glibc >=2.17,<3.0.a0
  constrains:
  - binutils_impl_linux-64 2.43
  license: GPL-3.0-only
  license_family: GPL
  size: 669211
  timestamp: 1729655358674
- conda: https://conda.anaconda.org/conda-forge/linux-64/libgcc-14.2.0-h77fa898_1.conda
  sha256: 53eb8a79365e58849e7b1a068d31f4f9e718dc938d6f2c03e960345739a03569
  md5: 3cb76c3f10d3bc7f1105b2fc9db984df
  depends:
  - _libgcc_mutex 0.1 conda_forge
  - _openmp_mutex >=4.5
  constrains:
  - libgomp 14.2.0 h77fa898_1
  - libgcc-ng ==14.2.0=*_1
  license: GPL-3.0-only WITH GCC-exception-3.1
  license_family: GPL
  size: 848745
  timestamp: 1729027721139
- conda: https://conda.anaconda.org/conda-forge/noarch/libgcc-devel_linux-64-13.3.0-h84ea5a7_101.conda
  sha256: 027cfb011328a108bc44f512a2dec6d954db85709e0b79b748c3392f85de0c64
  md5: 0ce69d40c142915ac9734bc6134e514a
  depends:
  - __unix
  license: GPL-3.0-only WITH GCC-exception-3.1
  license_family: GPL
  size: 2598313
  timestamp: 1724801050802
- conda: https://conda.anaconda.org/conda-forge/linux-64/libgomp-14.2.0-h77fa898_1.conda
  sha256: 1911c29975ec99b6b906904040c855772ccb265a1c79d5d75c8ceec4ed89cd63
  md5: cc3573974587f12dda90d96e3e55a702
  depends:
  - _libgcc_mutex 0.1 conda_forge
  license: GPL-3.0-only WITH GCC-exception-3.1
  license_family: GPL
  size: 460992
  timestamp: 1729027639220
- conda: https://conda.anaconda.org/conda-forge/linux-64/libsanitizer-13.3.0-heb74ff8_1.conda
  sha256: c86d130f0a3099e46ff51aa7ffaab73cb44fc420d27a96076aab3b9a326fc137
  md5: c4cb22f270f501f5c59a122dc2adf20a
  depends:
  - libgcc >=13.3.0
  - libstdcxx >=13.3.0
  license: GPL-3.0-only WITH GCC-exception-3.1
  license_family: GPL
  size: 4133922
  timestamp: 1724801171589
- conda: https://conda.anaconda.org/conda-forge/linux-64/libstdcxx-14.2.0-hc0a3c3a_1.conda
  sha256: 4661af0eb9bdcbb5fb33e5d0023b001ad4be828fccdcc56500059d56f9869462
  md5: 234a5554c53625688d51062645337328
  depends:
  - libgcc 14.2.0 h77fa898_1
  license: GPL-3.0-only WITH GCC-exception-3.1
  license_family: GPL
  size: 3893695
  timestamp: 1729027746910
- conda: https://conda.anaconda.org/conda-forge/noarch/libstdcxx-devel_linux-64-13.3.0-h84ea5a7_101.conda
  sha256: 0a9226c1b994f996229ffb54fa40d608cd4e4b48e8dc73a66134bea8ce949412
  md5: 29b5a4ed4613fa81a07c21045e3f5bf6
  depends:
  - __unix
  license: GPL-3.0-only WITH GCC-exception-3.1
  license_family: GPL
  size: 14074676
  timestamp: 1724801075448
- conda: .
  name: pixi-nvhpc-recipe
  version: '24.9'
  build: hb0f4dca_0
  subdir: linux-64
  input:
    hash: b8d0d252cfd0e2651054d13908c1b8926ab450c9856049ac7a00306f9f0d7eee
    globs:
    - pixi.toml
- conda: https://conda.anaconda.org/conda-forge/noarch/sysroot_linux-64-2.17-h0157908_18.conda
  sha256: 69ab5804bdd2e8e493d5709eebff382a72fab3e9af6adf93a237ccf8f7dbd624
  md5: 460eba7851277ec1fd80a1a24080787a
  depends:
  - kernel-headers_linux-64 3.10.0 he073ed8_18
  - tzdata
  license: LGPL-2.0-or-later AND LGPL-2.0-or-later WITH exceptions AND GPL-2.0-or-later AND MPL-2.0
  license_family: GPL
  size: 15166921
  timestamp: 1735290488259
- conda: https://conda.anaconda.org/conda-forge/noarch/tzdata-2025a-h78e105d_0.conda
  sha256: c4b1ae8a2931fe9b274c44af29c5475a85b37693999f8c792dad0f8c6734b1de
  md5: dbcace4706afdfb7eb891f7b37d07c04
  license: LicenseRef-Public-Domain
  size: 122921
  timestamp: 1737119101255
